
Microsoft Visual Studio Solution File, Format Version 12.00
# Visual Studio 15
VisualStudioVersion = 15.0.26730.15
MinimumVisualStudioVersion = 10.0.40219.1
Project("{9A19103F-16F7-4668-BE54-9A1E7A4F7556}") = "AtrahLib", "AtrahLib\AtrahLib.csproj", "{011BAD95-EC7B-49E0-901B-714EE482D9D8}"
EndProject
Project("{FAE04EC0-301F-11D3-BF4B-00C04F79EFBC}") = "AtrahLib_Test", "AtrahLib_Test\AtrahLib_Test.csproj", "{3509167F-1952-496F-8824-4EF7184B7140}"
EndProject
Global
	GlobalSection(SolutionConfigurationPlatforms) = preSolution
		Debug|Any CPU = Debug|Any CPU
		Release|Any CPU = Release|Any CPU
	EndGlobalSection
	GlobalSection(ProjectConfigurationPlatforms) = postSolution
		{011BAD95-EC7B-49E0-901B-714EE482D9D8}.Debug|Any CPU.ActiveCfg = Debug|Any CPU
		{011BAD95-EC7B-49E0-901B-714EE482D9D8}.Debug|Any CPU.Build.0 = Debug|Any CPU
		{011BAD95-EC7B-49E0-901B-714EE482D9D8}.Release|Any CPU.ActiveCfg = Release|Any CPU
		{011BAD95-EC7B-49E0-901B-714EE482D9D8}.Release|Any CPU.Build.0 = Release|Any CPU
		{3509167F-1952-496F-8824-4EF7184B7140}.Debug|Any CPU.ActiveCfg = Debug|Any CPU
		{3509167F-1952-496F-8824-4EF7184B7140}.Debug|Any CPU.Build.0 = Debug|Any CPU
		{3509167F-1952-496F-8824-4EF7184B7140}.Release|Any CPU.ActiveCfg = Release|Any CPU
		{3509167F-1952-496F-8824-4EF7184B7140}.Release|Any CPU.Build.0 = Release|Any CPU
	EndGlobalSection
	GlobalSection(SolutionProperties) = preSolution
		HideSolutionNode = FALSE
	EndGlobalSection
	GlobalSection(ExtensibilityGlobals) = postSolution
		SolutionGuid = {CCBC2CA7-3247-4015-8EB3-2B0FD2DD3F33}
	EndGlobalSection
EndGlobal
